// !$*UTF8*$!
{
	archiveVersion = 1;
	classes = {
	};
	objectVersion = 55;
	objects = {

/* Begin PBXBuildFile section */
		04CA372E27F6BF6000D5E975 /* AppDelegate.swift in Sources */ = {isa = PBXBuildFile; fileRef = 04CA372D27F6BF6000D5E975 /* AppDelegate.swift */; };
		04CA373027F6BF6000D5E975 /* SceneDelegate.swift in Sources */ = {isa = PBXBuildFile; fileRef = 04CA372F27F6BF6000D5E975 /* SceneDelegate.swift */; };
		04CA373227F6BF6000D5E975 /* MainViewController.swift in Sources */ = {isa = PBXBuildFile; fileRef = 04CA373127F6BF6000D5E975 /* MainViewController.swift */; };
		04CA373727F6BF6300D5E975 /* Assets.xcassets in Resources */ = {isa = PBXBuildFile; fileRef = 04CA373627F6BF6300D5E975 /* Assets.xcassets */; };
		04CA373A27F6BF6300D5E975 /* LaunchScreen.storyboard in Resources */ = {isa = PBXBuildFile; fileRef = 04CA373827F6BF6300D5E975 /* LaunchScreen.storyboard */; };
		04F6694627F6C4F8008DF7C4 /* MainView.swift in Sources */ = {isa = PBXBuildFile; fileRef = 04F6694527F6C4F8008DF7C4 /* MainView.swift */; };
		04F6694827F6C55D008DF7C4 /* Protocole.swift in Sources */ = {isa = PBXBuildFile; fileRef = 04F6694727F6C55D008DF7C4 /* Protocole.swift */; };
		04F6694A27F6C6CE008DF7C4 /* MainTableViewCell.swift in Sources */ = {isa = PBXBuildFile; fileRef = 04F6694927F6C6CE008DF7C4 /* MainTableViewCell.swift */; };
		04F6694C27F6F40D008DF7C4 /* SubViewController.swift in Sources */ = {isa = PBXBuildFile; fileRef = 04F6694B27F6F40C008DF7C4 /* SubViewController.swift */; };
		A816F9AAC239FA103010AE13 /* Pods_CoronaGraph.framework in Frameworks */ = {isa = PBXBuildFile; fileRef = 0ED05FD0DE2A49BC447B67E6 /* Pods_CoronaGraph.framework */; };
/* End PBXBuildFile section */

/* Begin PBXFileReference section */
		04CA372A27F6BF6000D5E975 /* CoronaGraph.app */ = {isa = PBXFileReference; explicitFileType = wrapper.application; includeInIndex = 0; path = CoronaGraph.app; sourceTree = BUILT_PRODUCTS_DIR; };
		04CA372D27F6BF6000D5E975 /* AppDelegate.swift */ = {isa = PBXFileReference; lastKnownFileType = sourcecode.swift; path = AppDelegate.swift; sourceTree = "<group>"; };
		04CA372F27F6BF6000D5E975 /* SceneDelegate.swift */ = {isa = PBXFileReference; lastKnownFileType = sourcecode.swift; path = SceneDelegate.swift; sourceTree = "<group>"; };
		04CA373127F6BF6000D5E975 /* MainViewController.swift */ = {isa = PBXFileReference; lastKnownFileType = sourcecode.swift; path = MainViewController.swift; sourceTree = "<group>"; };
		04CA373627F6BF6300D5E975 /* Assets.xcassets */ = {isa = PBXFileReference; lastKnownFileType = folder.assetcatalog; path = Assets.xcassets; sourceTree = "<group>"; };
		04CA373927F6BF6300D5E975 /* Base */ = {isa = PBXFileReference; lastKnownFileType = file.storyboard; name = Base; path = Base.lproj/LaunchScreen.storyboard; sourceTree = "<group>"; };
		04CA373B27F6BF6300D5E975 /* Info.plist */ = {isa = PBXFileReference; lastKnownFileType = text.plist.xml; path = Info.plist; sourceTree = "<group>"; };
		04F6694527F6C4F8008DF7C4 /* MainView.swift */ = {isa = PBXFileReference; lastKnownFileType = sourcecode.swift; path = MainView.swift; sourceTree = "<group>"; };
		04F6694727F6C55D008DF7C4 /* Protocole.swift */ = {isa = PBXFileReference; lastKnownFileType = sourcecode.swift; path = Protocole.swift; sourceTree = "<group>"; };
		04F6694927F6C6CE008DF7C4 /* MainTableViewCell.swift */ = {isa = PBXFileReference; lastKnownFileType = sourcecode.swift; path = MainTableViewCell.swift; sourceTree = "<group>"; };
		04F6694B27F6F40C008DF7C4 /* SubViewController.swift */ = {isa = PBXFileReference; lastKnownFileType = sourcecode.swift; path = SubViewController.swift; sourceTree = "<group>"; };
		0ED05FD0DE2A49BC447B67E6 /* Pods_CoronaGraph.framework */ = {isa = PBXFileReference; explicitFileType = wrapper.framework; includeInIndex = 0; path = Pods_CoronaGraph.framework; sourceTree = BUILT_PRODUCTS_DIR; };
		837C7F11287DC269E640F659 /* Pods-CoronaGraph.debug.xcconfig */ = {isa = PBXFileReference; includeInIndex = 1; lastKnownFileType = text.xcconfig; name = "Pods-CoronaGraph.debug.xcconfig"; path = "Target Support Files/Pods-CoronaGraph/Pods-CoronaGraph.debug.xcconfig"; sourceTree = "<group>"; };
		F9BD7DB39A98BD983A11CB66 /* Pods-CoronaGraph.release.xcconfig */ = {isa = PBXFileReference; includeInIndex = 1; lastKnownFileType = text.xcconfig; name = "Pods-CoronaGraph.release.xcconfig"; path = "Target Support Files/Pods-CoronaGraph/Pods-CoronaGraph.release.xcconfig"; sourceTree = "<group>"; };
/* End PBXFileReference section */

/* Begin PBXFrameworksBuildPhase section */
		04CA372727F6BF6000D5E975 /* Frameworks */ = {
			isa = PBXFrameworksBuildPhase;
			buildActionMask = 2147483647;
			files = (
				A816F9AAC239FA103010AE13 /* Pods_CoronaGraph.framework in Frameworks */,
			);
			runOnlyForDeploymentPostprocessing = 0;
		};
/* End PBXFrameworksBuildPhase section */

/* Begin PBXGroup section */
		04CA372127F6BF6000D5E975 = {
			isa = PBXGroup;
			children = (
				04CA372C27F6BF6000D5E975 /* CoronaGraph */,
				04CA372B27F6BF6000D5E975 /* Products */,
				D2141DD1D634487B1C19C707 /* Pods */,
				D31981A9DCEDD9B7A162B876 /* Frameworks */,
			);
			sourceTree = "<group>";
		};
		04CA372B27F6BF6000D5E975 /* Products */ = {
			isa = PBXGroup;
			children = (
				04CA372A27F6BF6000D5E975 /* CoronaGraph.app */,
			);
			name = Products;
			sourceTree = "<group>";
		};
		04CA372C27F6BF6000D5E975 /* CoronaGraph */ = {
			isa = PBXGroup;
			children = (
				04CA372D27F6BF6000D5E975 /* AppDelegate.swift */,
				04CA372F27F6BF6000D5E975 /* SceneDelegate.swift */,
				04CA373127F6BF6000D5E975 /* MainViewController.swift */,
				04F6694B27F6F40C008DF7C4 /* SubViewController.swift */,
				04F6694527F6C4F8008DF7C4 /* MainView.swift */,
				04F6694927F6C6CE008DF7C4 /* MainTableViewCell.swift */,
				04F6694727F6C55D008DF7C4 /* Protocole.swift */,
				04CA373627F6BF6300D5E975 /* Assets.xcassets */,
				04CA373827F6BF6300D5E975 /* LaunchScreen.storyboard */,
				04CA373B27F6BF6300D5E975 /* Info.plist */,
			);
			path = CoronaGraph;
			sourceTree = "<group>";
		};
		D2141DD1D634487B1C19C707 /* Pods */ = {
			isa = PBXGroup;
			children = (
				837C7F11287DC269E640F659 /* Pods-CoronaGraph.debug.xcconfig */,
				F9BD7DB39A98BD983A11CB66 /* Pods-CoronaGraph.release.xcconfig */,
			);
			path = Pods;
			sourceTree = "<group>";
		};
		D31981A9DCEDD9B7A162B876 /* Frameworks */ = {
			isa = PBXGroup;
			children = (
				0ED05FD0DE2A49BC447B67E6 /* Pods_CoronaGraph.framework */,
			);
			name = Frameworks;
			sourceTree = "<group>";
		};
/* End PBXGroup section */

/* Begin PBXNativeTarget section */
		04CA372927F6BF6000D5E975 /* CoronaGraph */ = {
			isa = PBXNativeTarget;
			buildConfigurationList = 04CA373E27F6BF6300D5E975 /* Build configuration list for PBXNativeTarget "CoronaGraph" */;
			buildPhases = (
				EFCBF64F7AB3FCA90663FCC4 /* [CP] Check Pods Manifest.lock */,
				04CA372627F6BF6000D5E975 /* Sources */,
				04CA372727F6BF6000D5E975 /* Frameworks */,
				04CA372827F6BF6000D5E975 /* Resources */,
				B685D76773B36E1132239B08 /* [CP] Embed Pods Frameworks */,
			);
			buildRules = (
			);
			dependencies = (
			);
			name = CoronaGraph;
			productName = CoronaGraph;
			productReference = 04CA372A27F6BF6000D5E975 /* CoronaGraph.app */;
			productType = "com.apple.product-type.application";
		};
/* End PBXNativeTarget section */

/* Begin PBXProject section */
		04CA372227F6BF6000D5E975 /* Project object */ = {
			isa = PBXProject;
			attributes = {
				BuildIndependentTargetsInParallel = 1;
				LastSwiftUpdateCheck = 1330;
				LastUpgradeCheck = 1330;
				TargetAttributes = {
					04CA372927F6BF6000D5E975 = {
						CreatedOnToolsVersion = 13.3;
					};
				};
			};
			buildConfigurationList = 04CA372527F6BF6000D5E975 /* Build configuration list for PBXProject "CoronaGraph" */;
			compatibilityVersion = "Xcode 13.0";
			developmentRegion = en;
			hasScannedForEncodings = 0;
			knownRegions = (
				en,
				Base,
			);
			mainGroup = 04CA372127F6BF6000D5E975;
			productRefGroup = 04CA372B27F6BF6000D5E975 /* Products */;
			projectDirPath = "";
			projectRoot = "";
			targets = (
				04CA372927F6BF6000D5E975 /* CoronaGraph */,
			);
		};
/* End PBXProject section */

/* Begin PBXResourcesBuildPhase section */
		04CA372827F6BF6000D5E975 /* Resources */ = {
			isa = PBXResourcesBuildPhase;
			buildActionMask = 2147483647;
			files = (
				04CA373A27F6BF6300D5E975 /* LaunchScreen.storyboard in Resources */,
				04CA373727F6BF6300D5E975 /* Assets.xcassets in Resources */,
			);
			runOnlyForDeploymentPostprocessing = 0;
		};
/* End PBXResourcesBuildPhase section */

/* Begin PBXShellScriptBuildPhase section */
		B685D76773B36E1132239B08 /* [CP] Embed Pods Frameworks */ = {
			isa = PBXShellScriptBuildPhase;
			buildActionMask = 2147483647;
			files = (
			);
			inputFileListPaths = (
				"${PODS_ROOT}/Target Support Files/Pods-CoronaGraph/Pods-CoronaGraph-frameworks-${CONFIGURATION}-input-files.xcfilelist",
			);
			name = "[CP] Embed Pods Frameworks";
			outputFileListPaths = (
				"${PODS_ROOT}/Target Support Files/Pods-CoronaGraph/Pods-CoronaGraph-frameworks-${CONFIGURATION}-output-files.xcfilelist",
			);
			runOnlyForDeploymentPostprocessing = 0;
			shellPath = /bin/sh;
			shellScript = "\"${PODS_ROOT}/Target Support Files/Pods-CoronaGraph/Pods-CoronaGraph-frameworks.sh\"\n";
			showEnvVarsInLog = 0;
		};
		EFCBF64F7AB3FCA90663FCC4 /* [CP] Check Pods Manifest.lock */ = {
			isa = PBXShellScriptBuildPhase;
			buildActionMask = 2147483647;
			files = (
			);
			inputFileListPaths = (
			);
			inputPaths = (
				"${PODS_PODFILE_DIR_PATH}/Podfile.lock",
				"${PODS_ROOT}/Manifest.lock",
			);
			name = "[CP] Check Pods Manifest.lock";
			outputFileListPaths = (
			);
			outputPaths = (
				"$(DERIVED_FILE_DIR)/Pods-CoronaGraph-checkManifestLockResult.txt",
			);
			runOnlyForDeploymentPostprocessing = 0;
			shellPath = /bin/sh;
			shellScript = "diff \"${PODS_PODFILE_DIR_PATH}/Podfile.lock\" \"${PODS_ROOT}/Manifest.lock\" > /dev/null\nif [ $? != 0 ] ; then\n    # print error to STDERR\n    echo \"error: The sandbox is not in sync with the Podfile.lock. Run 'pod install' or update your CocoaPods installation.\" >&2\n    exit 1\nfi\n# This output is used by Xcode 'outputs' to avoid re-running this script phase.\necho \"SUCCESS\" > \"${SCRIPT_OUTPUT_FILE_0}\"\n";
			showEnvVarsInLog = 0;
		};
/* End PBXShellScriptBuildPhase section */

/* Begin PBXSourcesBuildPhase section */
		04CA372627F6BF6000D5E975 /* Sources */ = {
			isa = PBXSourcesBuildPhase;
			buildActionMask = 2147483647;
			files = (
				04F6694627F6C4F8008DF7C4 /* MainView.swift in Sources */,
				04F6694827F6C55D008DF7C4 /* Protocole.swift in Sources */,
				04F6694C27F6F40D008DF7C4 /* SubViewController.swift in Sources */,
				04CA373227F6BF6000D5E975 /* MainViewController.swift in Sources */,
				04CA372E27F6BF6000D5E975 /* AppDelegate.swift in Sources */,
				04F6694A27F6C6CE008DF7C4 /* MainTableViewCell.swift in Sources */,
				04CA373027F6BF6000D5E975 /* SceneDelegate.swift in Sources */,
			);
			runOnlyForDeploymentPostprocessing = 0;
		};
/* End PBXSourcesBuildPhase section */

/* Begin PBXVariantGroup section */
		04CA373827F6BF6300D5E975 /* LaunchScreen.storyboard */ = {
			isa = PBXVariantGroup;
			children = (
				04CA373927F6BF6300D5E975 /* Base */,
			);
			name = LaunchScreen.storyboard;
			sourceTree = "<group>";
		};
/* End PBXVariantGroup section */

/* Begin XCBuildConfiguration section */
		04CA373C27F6BF6300D5E975 /* Debug */ = {
			isa = XCBuildConfiguration;
			buildSettings = {
				ALWAYS_SEARCH_USER_PATHS = NO;
				CLANG_ANALYZER_NONNULL = YES;
				CLANG_ANALYZER_NUMBER_OBJECT_CONVERSION = YES_AGGRESSIVE;
				CLANG_CXX_LANGUAGE_STANDARD = "gnu++17";
				CLANG_ENABLE_MODULES = YES;
				CLANG_ENABLE_OBJC_ARC = YES;
				CLANG_ENABLE_OBJC_WEAK = YES;
				CLANG_WARN_BLOCK_CAPTURE_AUTORELEASING = YES;
				CLANG_WARN_BOOL_CONVERSION = YES;
				CLANG_WARN_COMMA = YES;
				CLANG_WARN_CONSTANT_CONVERSION = YES;
				CLANG_WARN_DEPRECATED_OBJC_IMPLEMENTATIONS = YES;
				CLANG_WARN_DIRECT_OBJC_ISA_USAGE = YES_ERROR;
				CLANG_WARN_DOCUMENTATION_COMMENTS = YES;
				CLANG_WARN_EMPTY_BODY = YES;
				CLANG_WARN_ENUM_CONVERSION = YES;
				CLANG_WARN_INFINITE_RECURSION = YES;
				CLANG_WARN_INT_CONVERSION = YES;
				CLANG_WARN_NON_LITERAL_NULL_CONVERSION = YES;
				CLANG_WARN_OBJC_IMPLICIT_RETAIN_SELF = YES;
				CLANG_WARN_OBJC_LITERAL_CONVERSION = YES;
				CLANG_WARN_OBJC_ROOT_CLASS = YES_ERROR;
				CLANG_WARN_QUOTED_INCLUDE_IN_FRAMEWORK_HEADER = YES;
				CLANG_WARN_RANGE_LOOP_ANALYSIS = YES;
				CLANG_WARN_STRICT_PROTOTYPES = YES;
				CLANG_WARN_SUSPICIOUS_MOVE = YES;
				CLANG_WARN_UNGUARDED_AVAILABILITY = YES_AGGRESSIVE;
				CLANG_WARN_UNREACHABLE_CODE = YES;
				CLANG_WARN__DUPLICATE_METHOD_MATCH = YES;
				COPY_PHASE_STRIP = NO;
				DEBUG_INFORMATION_FORMAT = dwarf;
				ENABLE_STRICT_OBJC_MSGSEND = YES;
				ENABLE_TESTABILITY = YES;
				GCC_C_LANGUAGE_STANDARD = gnu11;
				GCC_DYNAMIC_NO_PIC = NO;
				GCC_NO_COMMON_BLOCKS = YES;
				GCC_OPTIMIZATION_LEVEL = 0;
				GCC_PREPROCESSOR_DEFINITIONS = (
					"DEBUG=1",
					"$(inherited)",
				);
				GCC_WARN_64_TO_32_BIT_CONVERSION = YES;
				GCC_WARN_ABOUT_RETURN_TYPE = YES_ERROR;
				GCC_WARN_UNDECLARED_SELECTOR = YES;
				GCC_WARN_UNINITIALIZED_AUTOS = YES_AGGRESSIVE;
				GCC_WARN_UNUSED_FUNCTION = YES;
				GCC_WARN_UNUSED_VARIABLE = YES;
				IPHONEOS_DEPLOYMENT_TARGET = 15.4;
				MTL_ENABLE_DEBUG_INFO = INCLUDE_SOURCE;
				MTL_FAST_MATH = YES;
				ONLY_ACTIVE_ARCH = YES;
				SDKROOT = iphoneos;
				SWIFT_ACTIVE_COMPILATION_CONDITIONS = DEBUG;
				SWIFT_OPTIMIZATION_LEVEL = "-Onone";
			};
			name = Debug;
		};
		04CA373D27F6BF6300D5E975 /* Release */ = {
			isa = XCBuildConfiguration;
			buildSettings = {
				ALWAYS_SEARCH_USER_PATHS = NO;
				CLANG_ANALYZER_NONNULL = YES;
				CLANG_ANALYZER_NUMBER_OBJECT_CONVERSION = YES_AGGRESSIVE;
				CLANG_CXX_LANGUAGE_STANDARD = "gnu++17";
				CLANG_ENABLE_MODULES = YES;
				CLANG_ENABLE_OBJC_ARC = YES;
				CLANG_ENABLE_OBJC_WEAK = YES;
				CLANG_WARN_BLOCK_CAPTURE_AUTORELEASING = YES;
				CLANG_WARN_BOOL_CONVERSION = YES;
				CLANG_WARN_COMMA = YES;
				CLANG_WARN_CONSTANT_CONVERSION = YES;
				CLANG_WARN_DEPRECATED_OBJC_IMPLEMENTATIONS = YES;
				CLANG_WARN_DIRECT_OBJC_ISA_USAGE = YES_ERROR;
				CLANG_WARN_DOCUMENTATION_COMMENTS = YES;
				CLANG_WARN_EMPTY_BODY = YES;
				CLANG_WARN_ENUM_CONVERSION = YES;
				CLANG_WARN_INFINITE_RECURSION = YES;
				CLANG_WARN_INT_CONVERSION = YES;
				CLANG_WARN_NON_LITERAL_NULL_CONVERSION = YES;
				CLANG_WARN_OBJC_IMPLICIT_RETAIN_SELF = YES;
				CLANG_WARN_OBJC_LITERAL_CONVERSION = YES;
				CLANG_WARN_OBJC_ROOT_CLASS = YES_ERROR;
				CLANG_WARN_QUOTED_INCLUDE_IN_FRAMEWORK_HEADER = YES;
				CLANG_WARN_RANGE_LOOP_ANALYSIS = YES;
				CLANG_WARN_STRICT_PROTOTYPES = YES;
				CLANG_WARN_SUSPICIOUS_MOVE = YES;
				CLANG_WARN_UNGUARDED_AVAILABILITY = YES_AGGRESSIVE;
				CLANG_WARN_UNREACHABLE_CODE = YES;
				CLANG_WARN__DUPLICATE_METHOD_MATCH = YES;
				COPY_PHASE_STRIP = NO;
				DEBUG_INFORMATION_FORMAT = "dwarf-with-dsym";
				ENABLE_NS_ASSERTIONS = NO;
				ENABLE_STRICT_OBJC_MSGSEND = YES;
				GCC_C_LANGUAGE_STANDARD = gnu11;
				GCC_NO_COMMON_BLOCKS = YES;
				GCC_WARN_64_TO_32_BIT_CONVERSION = YES;
				GCC_WARN_ABOUT_RETURN_TYPE = YES_ERROR;
				GCC_WARN_UNDECLARED_SELECTOR = YES;
				GCC_WARN_UNINITIALIZED_AUTOS = YES_AGGRESSIVE;
				GCC_WARN_UNUSED_FUNCTION = YES;
				GCC_WARN_UNUSED_VARIABLE = YES;
				IPHONEOS_DEPLOYMENT_TARGET = 15.4;
				MTL_ENABLE_DEBUG_INFO = NO;
				MTL_FAST_MATH = YES;
				SDKROOT = iphoneos;
				SWIFT_COMPILATION_MODE = wholemodule;
				SWIFT_OPTIMIZATION_LEVEL = "-O";
				VALIDATE_PRODUCT = YES;
			};
			name = Release;
		};
		04CA373F27F6BF6300D5E975 /* Debug */ = {
			isa = XCBuildConfiguration;
			baseConfigurationReference = 837C7F11287DC269E640F659 /* Pods-CoronaGraph.debug.xcconfig */;
			buildSettings = {
				ASSETCATALOG_COMPILER_APPICON_NAME = AppIcon;
				ASSETCATALOG_COMPILER_GLOBAL_ACCENT_COLOR_NAME = AccentColor;
				CODE_SIGN_STYLE = Automatic;
				CURRENT_PROJECT_VERSION = 1;
				DEVELOPMENT_TEAM = 75QD4ZR23L;
				GENERATE_INFOPLIST_FILE = YES;
				INFOPLIST_FILE = CoronaGraph/Info.plist;
				INFOPLIST_KEY_UIApplicationSupportsIndirectInputEvents = YES;
				INFOPLIST_KEY_UILaunchStoryboardName = LaunchScreen;
				INFOPLIST_KEY_UISupportedInterfaceOrientations_iPad = "UIInterfaceOrientationPortrait UIInterfaceOrientationPortraitUpsideDown UIInterfaceOrientationLandscapeLeft UIInterfaceOrientationLandscapeRight";
				INFOPLIST_KEY_UISupportedInterfaceOrientations_iPhone = "UIInterfaceOrientationPortrait UIInterfaceOrientationLandscapeLeft UIInterfaceOrientationLandscapeRight";
				LD_RUNPATH_SEARCH_PATHS = (
					"$(inherited)",
					"@executable_path/Frameworks",
				);
				MARKETING_VERSION = 1.0;
				PRODUCT_BUNDLE_IDENTIFIER = com.ssac.CoronaGraph;
				PRODUCT_NAME = "$(TARGET_NAME)";
				SWIFT_EMIT_LOC_STRINGS = YES;
				SWIFT_VERSION = 5.0;
				TARGETED_DEVICE_FAMILY = "1,2";
			};
			name = Debug;
		};
		04CA374027F6BF6300D5E975 /* Release */ = {
			isa = XCBuildConfiguration;
			baseConfigurationReference = F9BD7DB39A98BD983A11CB66 /* Pods-CoronaGraph.release.xcconfig */;
			buildSettings = {
				ASSETCATALOG_COMPILER_APPICON_NAME = AppIcon;
				ASSETCATALOG_COMPILER_GLOBAL_ACCENT_COLOR_NAME = AccentColor;
				CODE_SIGN_STYLE = Automatic;
				CURRENT_PROJECT_VERSION = 1;
				DEVELOPMENT_TEAM = 75QD4ZR23L;
				GENERATE_INFOPLIST_FILE = YES;
				INFOPLIST_FILE = CoronaGraph/Info.plist;
				INFOPLIST_KEY_UIApplicationSupportsIndirectInputEvents = YES;
				INFOPLIST_KEY_UILaunchStoryboardName = LaunchScreen;
				INFOPLIST_KEY_UISupportedInterfaceOrientations_iPad = "UIInterfaceOrientationPortrait UIInterfaceOrientationPortraitUpsideDown UIInterfaceOrientationLandscapeLeft UIInterfaceOrientationLandscapeRight";
				INFOPLIST_KEY_UISupportedInterfaceOrientations_iPhone = "UIInterfaceOrientationPortrait UIInterfaceOrientationLandscapeLeft UIInterfaceOrientationLandscapeRight";
				LD_RUNPATH_SEARCH_PATHS = (
					"$(inherited)",
					"@executable_path/Frameworks",
				);
				MARKETING_VERSION = 1.0;
				PRODUCT_BUNDLE_IDENTIFIER = com.ssac.CoronaGraph;
				PRODUCT_NAME = "$(TARGET_NAME)";
				SWIFT_EMIT_LOC_STRINGS = YES;
				SWIFT_VERSION = 5.0;
				TARGETED_DEVICE_FAMILY = "1,2";
			};
			name = Release;
		};
/* End XCBuildConfiguration section */

/* Begin XCConfigurationList section */
		04CA372527F6BF6000D5E975 /* Build configuration list for PBXProject "CoronaGraph" */ = {
			isa = XCConfigurationList;
			buildConfigurations = (
				04CA373C27F6BF6300D5E975 /* Debug */,
				04CA373D27F6BF6300D5E975 /* Release */,
			);
			defaultConfigurationIsVisible = 0;
			defaultConfigurationName = Release;
		};
		04CA373E27F6BF6300D5E975 /* Build configuration list for PBXNativeTarget "CoronaGraph" */ = {
			isa = XCConfigurationList;
			buildConfigurations = (
				04CA373F27F6BF6300D5E975 /* Debug */,
				04CA374027F6BF6300D5E975 /* Release */,
			);
			defaultConfigurationIsVisible = 0;
			defaultConfigurationName = Release;
		};
/* End XCConfigurationList section */
	};
	rootObject = 04CA372227F6BF6000D5E975 /* Project object */;
}
